// !$*UTF8*$!
{
	archiveVersion = 1;
	classes = {
	};
	objectVersion = 46;
	objects = {

/* Begin PBXBuildFile section */
		0D07BF1F1E18BECF00400F81 /* MessageManager.m in Sources */ = {isa = PBXBuildFile; fileRef = 0D07BF1D1E18BECF00400F81 /* MessageManager.m */; };
		0D07BF2A1E18C01A00400F81 /* Constants.m in Sources */ = {isa = PBXBuildFile; fileRef = 0D07BF231E18C01A00400F81 /* Constants.m */; };
		0D07BF2B1E18C01A00400F81 /* UIViewController+Navigations.m in Sources */ = {isa = PBXBuildFile; fileRef = 0D07BF251E18C01A00400F81 /* UIViewController+Navigations.m */; };
		0D07BF2C1E18C01A00400F81 /* Utils.m in Sources */ = {isa = PBXBuildFile; fileRef = 0D07BF271E18C01A00400F81 /* Utils.m */; };
		0D07BF2D1E18C01A00400F81 /* Utils+DDHUI.m in Sources */ = {isa = PBXBuildFile; fileRef = 0D07BF291E18C01A00400F81 /* Utils+DDHUI.m */; };
		0DD6F36F1E1AE6700013444F /* ConstraintUtilities-Matching.m in Sources */ = {isa = PBXBuildFile; fileRef = 0DD6F36E1E1AE6700013444F /* ConstraintUtilities-Matching.m */; };
		0DD6F3721E1AE6AE0013444F /* NSObject-Nametag.m in Sources */ = {isa = PBXBuildFile; fileRef = 0DD6F3711E1AE6AE0013444F /* NSObject-Nametag.m */; };
		0DD6F3771E1AE6CC0013444F /* ConstraintUtilities-Layout.m in Sources */ = {isa = PBXBuildFile; fileRef = 0DD6F3761E1AE6CC0013444F /* ConstraintUtilities-Layout.m */; };
		0DD6F37A1E1AE6D40013444F /* ConstraintUtilities-Install.m in Sources */ = {isa = PBXBuildFile; fileRef = 0DD6F3791E1AE6D40013444F /* ConstraintUtilities-Install.m */; };
		0DD6F37F1E1AE6DC0013444F /* ConstraintUtilities-Description.m in Sources */ = {isa = PBXBuildFile; fileRef = 0DD6F37C1E1AE6DC0013444F /* ConstraintUtilities-Description.m */; };
		0DD6F3801E1AE6DC0013444F /* NSObject-Description.m in Sources */ = {isa = PBXBuildFile; fileRef = 0DD6F37E1E1AE6DC0013444F /* NSObject-Description.m */; };
		0DD6F38A1E1AEFB20013444F /* UILabel+Convenient.m in Sources */ = {isa = PBXBuildFile; fileRef = 0DD6F3891E1AEFB20013444F /* UILabel+Convenient.m */; };
		0DE826CE1E18A3D800CA4116 /* Profile.m in Sources */ = {isa = PBXBuildFile; fileRef = 0DE826CD1E18A3D800CA4116 /* Profile.m */; };
		0DE826D61E18A61F00CA4116 /* ProfilesViewModel.m in Sources */ = {isa = PBXBuildFile; fileRef = 0DE826D51E18A61F00CA4116 /* ProfilesViewModel.m */; };
		0DE826DB1E18A70C00CA4116 /* ApiClient.m in Sources */ = {isa = PBXBuildFile; fileRef = 0DE826D91E18A70C00CA4116 /* ApiClient.m */; };
		0DE826DF1E18A71F00CA4116 /* NetworkService.m in Sources */ = {isa = PBXBuildFile; fileRef = 0DE826DD1E18A71F00CA4116 /* NetworkService.m */; };
		0DE826E31E18A72D00CA4116 /* Reachability.m in Sources */ = {isa = PBXBuildFile; fileRef = 0DE826E11E18A72D00CA4116 /* Reachability.m */; };
		0DE826E71E18A73900CA4116 /* Parser.m in Sources */ = {isa = PBXBuildFile; fileRef = 0DE826E61E18A73900CA4116 /* Parser.m */; };
		0DE826EB1E18A74600CA4116 /* CacheService.m in Sources */ = {isa = PBXBuildFile; fileRef = 0DE826E91E18A74600CA4116 /* CacheService.m */; };
		0DE826EE1E18A80E00CA4116 /* PersistService.m in Sources */ = {isa = PBXBuildFile; fileRef = 0DE826ED1E18A80E00CA4116 /* PersistService.m */; };
		0DEA38CD1E186E2400191B37 /* main.m in Sources */ = {isa = PBXBuildFile; fileRef = 0DEA38CC1E186E2400191B37 /* main.m */; };
		0DEA38D01E186E2400191B37 /* AppDelegate.m in Sources */ = {isa = PBXBuildFile; fileRef = 0DEA38CF1E186E2400191B37 /* AppDelegate.m */; };
		0DEA38D31E186E2400191B37 /* ViewController.m in Sources */ = {isa = PBXBuildFile; fileRef = 0DEA38D21E186E2400191B37 /* ViewController.m */; };
		0DEA38D81E186E2400191B37 /* Assets.xcassets in Resources */ = {isa = PBXBuildFile; fileRef = 0DEA38D71E186E2400191B37 /* Assets.xcassets */; };
		0DEA38DB1E186E2400191B37 /* LaunchScreen.storyboard in Resources */ = {isa = PBXBuildFile; fileRef = 0DEA38D91E186E2400191B37 /* LaunchScreen.storyboard */; };
		0DEA38E61E186E2400191B37 /* ProfileListTests.m in Sources */ = {isa = PBXBuildFile; fileRef = 0DEA38E51E186E2400191B37 /* ProfileListTests.m */; };
		0DEA38F11E186E2400191B37 /* ProfileListUITests.m in Sources */ = {isa = PBXBuildFile; fileRef = 0DEA38F01E186E2400191B37 /* ProfileListUITests.m */; };
		0DEA38FF1E1884BD00191B37 /* team.json in Resources */ = {isa = PBXBuildFile; fileRef = 0DEA38FE1E1884BD00191B37 /* team.json */; };
		0DEA39021E18881F00191B37 /* ProfileCell.m in Sources */ = {isa = PBXBuildFile; fileRef = 0DEA39011E18881F00191B37 /* ProfileCell.m */; };
		6892C7EC86E5479D5563201B /* Pods_ProfileList.framework in Frameworks */ = {isa = PBXBuildFile; fileRef = 9E7AEB80E58B11CE810BBD4B /* Pods_ProfileList.framework */; };
		FB3A6FD20D51F3F7913EFF12 /* Pods_ProfileListTests.framework in Frameworks */ = {isa = PBXBuildFile; fileRef = F5771151D1CC23317D187D39 /* Pods_ProfileListTests.framework */; };
/* End PBXBuildFile section */

/* Begin PBXContainerItemProxy section */
		0DEA38E21E186E2400191B37 /* PBXContainerItemProxy */ = {
			isa = PBXContainerItemProxy;
			containerPortal = 0DEA38C01E186E2400191B37 /* Project object */;
			proxyType = 1;
			remoteGlobalIDString = 0DEA38C71E186E2400191B37;
			remoteInfo = ProfileList;
		};
		0DEA38ED1E186E2400191B37 /* PBXContainerItemProxy */ = {
			isa = PBXContainerItemProxy;
			containerPortal = 0DEA38C01E186E2400191B37 /* Project object */;
			proxyType = 1;
			remoteGlobalIDString = 0DEA38C71E186E2400191B37;
			remoteInfo = ProfileList;
		};
/* End PBXContainerItemProxy section */

/* Begin PBXFileReference section */
		0D07BF1C1E18BECF00400F81 /* MessageManager.h */ = {isa = PBXFileReference; fileEncoding = 4; lastKnownFileType = sourcecode.c.h; path = MessageManager.h; sourceTree = "<group>"; };
		0D07BF1D1E18BECF00400F81 /* MessageManager.m */ = {isa = PBXFileReference; fileEncoding = 4; lastKnownFileType = sourcecode.c.objc; path = MessageManager.m; sourceTree = "<group>"; };
		0D07BF1E1E18BECF00400F81 /* MessageManagerProtocol.h */ = {isa = PBXFileReference; fileEncoding = 4; lastKnownFileType = sourcecode.c.h; path = MessageManagerProtocol.h; sourceTree = "<group>"; };
		0D07BF201E18BFDF00400F81 /* ProfileList-Prefix.pch */ = {isa = PBXFileReference; lastKnownFileType = sourcecode.c.h; path = "ProfileList-Prefix.pch"; sourceTree = "<group>"; };
		0D07BF221E18C01A00400F81 /* Constants.h */ = {isa = PBXFileReference; fileEncoding = 4; lastKnownFileType = sourcecode.c.h; path = Constants.h; sourceTree = "<group>"; };
		0D07BF231E18C01A00400F81 /* Constants.m */ = {isa = PBXFileReference; fileEncoding = 4; lastKnownFileType = sourcecode.c.objc; path = Constants.m; sourceTree = "<group>"; };
		0D07BF241E18C01A00400F81 /* UIViewController+Navigations.h */ = {isa = PBXFileReference; fileEncoding = 4; lastKnownFileType = sourcecode.c.h; path = "UIViewController+Navigations.h"; sourceTree = "<group>"; };
		0D07BF251E18C01A00400F81 /* UIViewController+Navigations.m */ = {isa = PBXFileReference; fileEncoding = 4; lastKnownFileType = sourcecode.c.objc; path = "UIViewController+Navigations.m"; sourceTree = "<group>"; };
		0D07BF261E18C01A00400F81 /* Utils.h */ = {isa = PBXFileReference; fileEncoding = 4; lastKnownFileType = sourcecode.c.h; path = Utils.h; sourceTree = "<group>"; };
		0D07BF271E18C01A00400F81 /* Utils.m */ = {isa = PBXFileReference; fileEncoding = 4; lastKnownFileType = sourcecode.c.objc; path = Utils.m; sourceTree = "<group>"; };
		0D07BF281E18C01A00400F81 /* Utils+DDHUI.h */ = {isa = PBXFileReference; fileEncoding = 4; lastKnownFileType = sourcecode.c.h; path = "Utils+DDHUI.h"; sourceTree = "<group>"; };
		0D07BF291E18C01A00400F81 /* Utils+DDHUI.m */ = {isa = PBXFileReference; fileEncoding = 4; lastKnownFileType = sourcecode.c.objc; path = "Utils+DDHUI.m"; sourceTree = "<group>"; };
		0D07BF2E1E18C0BE00400F81 /* PersistServiceProtocol.h */ = {isa = PBXFileReference; fileEncoding = 4; lastKnownFileType = sourcecode.c.h; path = PersistServiceProtocol.h; sourceTree = "<group>"; };
		0D188D59A56657313296BEA9 /* Pods-ProfileList.debug.xcconfig */ = {isa = PBXFileReference; includeInIndex = 1; lastKnownFileType = text.xcconfig; name = "Pods-ProfileList.debug.xcconfig"; path = "Pods/Target Support Files/Pods-ProfileList/Pods-ProfileList.debug.xcconfig"; sourceTree = "<group>"; };
		0DD6F36D1E1AE6700013444F /* ConstraintUtilities-Matching.h */ = {isa = PBXFileReference; fileEncoding = 4; lastKnownFileType = sourcecode.c.h; path = "ConstraintUtilities-Matching.h"; sourceTree = "<group>"; };
		0DD6F36E1E1AE6700013444F /* ConstraintUtilities-Matching.m */ = {isa = PBXFileReference; fileEncoding = 4; lastKnownFileType = sourcecode.c.objc; path = "ConstraintUtilities-Matching.m"; sourceTree = "<group>"; };
		0DD6F3701E1AE6AE0013444F /* NSObject-Nametag.h */ = {isa = PBXFileReference; fileEncoding = 4; lastKnownFileType = sourcecode.c.h; path = "NSObject-Nametag.h"; sourceTree = "<group>"; };
		0DD6F3711E1AE6AE0013444F /* NSObject-Nametag.m */ = {isa = PBXFileReference; fileEncoding = 4; lastKnownFileType = sourcecode.c.objc; path = "NSObject-Nametag.m"; sourceTree = "<group>"; };
		0DD6F3731E1AE6BE0013444F /* Constraints-CreationMacros.h */ = {isa = PBXFileReference; lastKnownFileType = sourcecode.c.h; path = "Constraints-CreationMacros.h"; sourceTree = "<group>"; };
		0DD6F3741E1AE6BE0013444F /* Constraints.h */ = {isa = PBXFileReference; lastKnownFileType = sourcecode.c.h; path = Constraints.h; sourceTree = "<group>"; };
		0DD6F3751E1AE6CC0013444F /* ConstraintUtilities-Layout.h */ = {isa = PBXFileReference; fileEncoding = 4; lastKnownFileType = sourcecode.c.h; path = "ConstraintUtilities-Layout.h"; sourceTree = "<group>"; };
		0DD6F3761E1AE6CC0013444F /* ConstraintUtilities-Layout.m */ = {isa = PBXFileReference; fileEncoding = 4; lastKnownFileType = sourcecode.c.objc; path = "ConstraintUtilities-Layout.m"; sourceTree = "<group>"; };
		0DD6F3781E1AE6D40013444F /* ConstraintUtilities-Install.h */ = {isa = PBXFileReference; fileEncoding = 4; lastKnownFileType = sourcecode.c.h; path = "ConstraintUtilities-Install.h"; sourceTree = "<group>"; };
		0DD6F3791E1AE6D40013444F /* ConstraintUtilities-Install.m */ = {isa = PBXFileReference; fileEncoding = 4; lastKnownFileType = sourcecode.c.objc; path = "ConstraintUtilities-Install.m"; sourceTree = "<group>"; };
		0DD6F37B1E1AE6DC0013444F /* ConstraintUtilities-Description.h */ = {isa = PBXFileReference; fileEncoding = 4; lastKnownFileType = sourcecode.c.h; path = "ConstraintUtilities-Description.h"; sourceTree = "<group>"; };
		0DD6F37C1E1AE6DC0013444F /* ConstraintUtilities-Description.m */ = {isa = PBXFileReference; fileEncoding = 4; lastKnownFileType = sourcecode.c.objc; path = "ConstraintUtilities-Description.m"; sourceTree = "<group>"; };
		0DD6F37D1E1AE6DC0013444F /* NSObject-Description.h */ = {isa = PBXFileReference; fileEncoding = 4; lastKnownFileType = sourcecode.c.h; path = "NSObject-Description.h"; sourceTree = "<group>"; };
		0DD6F37E1E1AE6DC0013444F /* NSObject-Description.m */ = {isa = PBXFileReference; fileEncoding = 4; lastKnownFileType = sourcecode.c.objc; path = "NSObject-Description.m"; sourceTree = "<group>"; };
		0DD6F3811E1AE6F90013444F /* Utility.h */ = {isa = PBXFileReference; lastKnownFileType = sourcecode.c.h; path = Utility.h; sourceTree = "<group>"; };
		0DD6F3881E1AEFB20013444F /* UILabel+Convenient.h */ = {isa = PBXFileReference; fileEncoding = 4; lastKnownFileType = sourcecode.c.h; name = "UILabel+Convenient.h"; path = "Helpers/UILabel+Convenient.h"; sourceTree = "<group>"; };
		0DD6F3891E1AEFB20013444F /* UILabel+Convenient.m */ = {isa = PBXFileReference; fileEncoding = 4; lastKnownFileType = sourcecode.c.objc; name = "UILabel+Convenient.m"; path = "Helpers/UILabel+Convenient.m"; sourceTree = "<group>"; };
		0DE826CC1E18A3D800CA4116 /* Profile.h */ = {isa = PBXFileReference; fileEncoding = 4; lastKnownFileType = sourcecode.c.h; name = Profile.h; path = Models/Profile.h; sourceTree = "<group>"; };
		0DE826CD1E18A3D800CA4116 /* Profile.m */ = {isa = PBXFileReference; fileEncoding = 4; lastKnownFileType = sourcecode.c.objc; name = Profile.m; path = Models/Profile.m; sourceTree = "<group>"; };
		0DE826D41E18A61F00CA4116 /* ProfilesViewModel.h */ = {isa = PBXFileReference; fileEncoding = 4; lastKnownFileType = sourcecode.c.h; name = ProfilesViewModel.h; path = ViewModel/ProfilesViewModel.h; sourceTree = "<group>"; };
		0DE826D51E18A61F00CA4116 /* ProfilesViewModel.m */ = {isa = PBXFileReference; fileEncoding = 4; lastKnownFileType = sourcecode.c.objc; name = ProfilesViewModel.m; path = ViewModel/ProfilesViewModel.m; sourceTree = "<group>"; };
		0DE826D81E18A70C00CA4116 /* ApiClient.h */ = {isa = PBXFileReference; fileEncoding = 4; lastKnownFileType = sourcecode.c.h; path = ApiClient.h; sourceTree = "<group>"; };
		0DE826D91E18A70C00CA4116 /* ApiClient.m */ = {isa = PBXFileReference; fileEncoding = 4; lastKnownFileType = sourcecode.c.objc; path = ApiClient.m; sourceTree = "<group>"; };
		0DE826DA1E18A70C00CA4116 /* ApiClientProtocol.h */ = {isa = PBXFileReference; fileEncoding = 4; lastKnownFileType = sourcecode.c.h; path = ApiClientProtocol.h; sourceTree = "<group>"; };
		0DE826DC1E18A71F00CA4116 /* NetworkService.h */ = {isa = PBXFileReference; fileEncoding = 4; lastKnownFileType = sourcecode.c.h; path = NetworkService.h; sourceTree = "<group>"; };
		0DE826DD1E18A71F00CA4116 /* NetworkService.m */ = {isa = PBXFileReference; fileEncoding = 4; lastKnownFileType = sourcecode.c.objc; path = NetworkService.m; sourceTree = "<group>"; };
		0DE826DE1E18A71F00CA4116 /* NetworkServiceProtocol.h */ = {isa = PBXFileReference; fileEncoding = 4; lastKnownFileType = sourcecode.c.h; path = NetworkServiceProtocol.h; sourceTree = "<group>"; };
		0DE826E01E18A72D00CA4116 /* Reachability.h */ = {isa = PBXFileReference; fileEncoding = 4; lastKnownFileType = sourcecode.c.h; path = Reachability.h; sourceTree = "<group>"; };
		0DE826E11E18A72D00CA4116 /* Reachability.m */ = {isa = PBXFileReference; fileEncoding = 4; lastKnownFileType = sourcecode.c.objc; path = Reachability.m; sourceTree = "<group>"; };
		0DE826E21E18A72D00CA4116 /* ReachabilityServiceProtocol.h */ = {isa = PBXFileReference; fileEncoding = 4; lastKnownFileType = sourcecode.c.h; path = ReachabilityServiceProtocol.h; sourceTree = "<group>"; };
		0DE826E41E18A73900CA4116 /* ParserProtocol.h */ = {isa = PBXFileReference; fileEncoding = 4; lastKnownFileType = sourcecode.c.h; path = ParserProtocol.h; sourceTree = "<group>"; };
		0DE826E51E18A73900CA4116 /* Parser.h */ = {isa = PBXFileReference; fileEncoding = 4; lastKnownFileType = sourcecode.c.h; path = Parser.h; sourceTree = "<group>"; };
		0DE826E61E18A73900CA4116 /* Parser.m */ = {isa = PBXFileReference; fileEncoding = 4; lastKnownFileType = sourcecode.c.objc; path = Parser.m; sourceTree = "<group>"; };
		0DE826E81E18A74600CA4116 /* CacheService.h */ = {isa = PBXFileReference; fileEncoding = 4; lastKnownFileType = sourcecode.c.h; path = CacheService.h; sourceTree = "<group>"; };
		0DE826E91E18A74600CA4116 /* CacheService.m */ = {isa = PBXFileReference; fileEncoding = 4; lastKnownFileType = sourcecode.c.objc; path = CacheService.m; sourceTree = "<group>"; };
		0DE826EA1E18A74600CA4116 /* CacheServiceProtocol.h */ = {isa = PBXFileReference; fileEncoding = 4; lastKnownFileType = sourcecode.c.h; path = CacheServiceProtocol.h; sourceTree = "<group>"; };
		0DE826EC1E18A80E00CA4116 /* PersistService.h */ = {isa = PBXFileReference; fileEncoding = 4; lastKnownFileType = sourcecode.c.h; name = PersistService.h; path = Services/PersistService.h; sourceTree = "<group>"; };
		0DE826ED1E18A80E00CA4116 /* PersistService.m */ = {isa = PBXFileReference; fileEncoding = 4; lastKnownFileType = sourcecode.c.objc; name = PersistService.m; path = Services/PersistService.m; sourceTree = "<group>"; };
		0DEA38C81E186E2400191B37 /* ProfileList.app */ = {isa = PBXFileReference; explicitFileType = wrapper.application; includeInIndex = 0; path = ProfileList.app; sourceTree = BUILT_PRODUCTS_DIR; };
		0DEA38CC1E186E2400191B37 /* main.m */ = {isa = PBXFileReference; lastKnownFileType = sourcecode.c.objc; path = main.m; sourceTree = "<group>"; };
		0DEA38CE1E186E2400191B37 /* AppDelegate.h */ = {isa = PBXFileReference; lastKnownFileType = sourcecode.c.h; path = AppDelegate.h; sourceTree = "<group>"; };
		0DEA38CF1E186E2400191B37 /* AppDelegate.m */ = {isa = PBXFileReference; lastKnownFileType = sourcecode.c.objc; path = AppDelegate.m; sourceTree = "<group>"; };
		0DEA38D11E186E2400191B37 /* ViewController.h */ = {isa = PBXFileReference; lastKnownFileType = sourcecode.c.h; path = ViewController.h; sourceTree = "<group>"; };
		0DEA38D21E186E2400191B37 /* ViewController.m */ = {isa = PBXFileReference; lastKnownFileType = sourcecode.c.objc; path = ViewController.m; sourceTree = "<group>"; };
		0DEA38D71E186E2400191B37 /* Assets.xcassets */ = {isa = PBXFileReference; lastKnownFileType = folder.assetcatalog; path = Assets.xcassets; sourceTree = "<group>"; };
		0DEA38DA1E186E2400191B37 /* Base */ = {isa = PBXFileReference; lastKnownFileType = file.storyboard; name = Base; path = Base.lproj/LaunchScreen.storyboard; sourceTree = "<group>"; };
		0DEA38DC1E186E2400191B37 /* Info.plist */ = {isa = PBXFileReference; lastKnownFileType = text.plist.xml; path = Info.plist; sourceTree = "<group>"; };
		0DEA38E11E186E2400191B37 /* ProfileListTests.xctest */ = {isa = PBXFileReference; explicitFileType = wrapper.cfbundle; includeInIndex = 0; path = ProfileListTests.xctest; sourceTree = BUILT_PRODUCTS_DIR; };
		0DEA38E51E186E2400191B37 /* ProfileListTests.m */ = {isa = PBXFileReference; lastKnownFileType = sourcecode.c.objc; path = ProfileListTests.m; sourceTree = "<group>"; };
		0DEA38E71E186E2400191B37 /* Info.plist */ = {isa = PBXFileReference; lastKnownFileType = text.plist.xml; path = Info.plist; sourceTree = "<group>"; };
		0DEA38EC1E186E2400191B37 /* ProfileListUITests.xctest */ = {isa = PBXFileReference; explicitFileType = wrapper.cfbundle; includeInIndex = 0; path = ProfileListUITests.xctest; sourceTree = BUILT_PRODUCTS_DIR; };
		0DEA38F01E186E2400191B37 /* ProfileListUITests.m */ = {isa = PBXFileReference; lastKnownFileType = sourcecode.c.objc; path = ProfileListUITests.m; sourceTree = "<group>"; };
		0DEA38F21E186E2400191B37 /* Info.plist */ = {isa = PBXFileReference; lastKnownFileType = text.plist.xml; path = Info.plist; sourceTree = "<group>"; };
		0DEA38FE1E1884BD00191B37 /* team.json */ = {isa = PBXFileReference; fileEncoding = 4; lastKnownFileType = text.json; path = team.json; sourceTree = "<group>"; };
		0DEA39001E18881F00191B37 /* ProfileCell.h */ = {isa = PBXFileReference; fileEncoding = 4; lastKnownFileType = sourcecode.c.h; path = ProfileCell.h; sourceTree = "<group>"; };
		0DEA39011E18881F00191B37 /* ProfileCell.m */ = {isa = PBXFileReference; fileEncoding = 4; lastKnownFileType = sourcecode.c.objc; path = ProfileCell.m; sourceTree = "<group>"; };
		7072EE7177C550CD2493E02C /* Pods-ProfileList.release.xcconfig */ = {isa = PBXFileReference; includeInIndex = 1; lastKnownFileType = text.xcconfig; name = "Pods-ProfileList.release.xcconfig"; path = "Pods/Target Support Files/Pods-ProfileList/Pods-ProfileList.release.xcconfig"; sourceTree = "<group>"; };
		9380F35D6ABDCAA4021476F9 /* Pods-ProfileListTests.debug.xcconfig */ = {isa = PBXFileReference; includeInIndex = 1; lastKnownFileType = text.xcconfig; name = "Pods-ProfileListTests.debug.xcconfig"; path = "Pods/Target Support Files/Pods-ProfileListTests/Pods-ProfileListTests.debug.xcconfig"; sourceTree = "<group>"; };
		9E7AEB80E58B11CE810BBD4B /* Pods_ProfileList.framework */ = {isa = PBXFileReference; explicitFileType = wrapper.framework; includeInIndex = 0; path = Pods_ProfileList.framework; sourceTree = BUILT_PRODUCTS_DIR; };
		C00043C50104A310B2075CE7 /* Pods-ProfileListTests.release.xcconfig */ = {isa = PBXFileReference; includeInIndex = 1; lastKnownFileType = text.xcconfig; name = "Pods-ProfileListTests.release.xcconfig"; path = "Pods/Target Support Files/Pods-ProfileListTests/Pods-ProfileListTests.release.xcconfig"; sourceTree = "<group>"; };
		F5771151D1CC23317D187D39 /* Pods_ProfileListTests.framework */ = {isa = PBXFileReference; explicitFileType = wrapper.framework; includeInIndex = 0; path = Pods_ProfileListTests.framework; sourceTree = BUILT_PRODUCTS_DIR; };
/* End PBXFileReference section */

/* Begin PBXFrameworksBuildPhase section */
		0DEA38C51E186E2400191B37 /* Frameworks */ = {
			isa = PBXFrameworksBuildPhase;
			buildActionMask = 2147483647;
			files = (
				6892C7EC86E5479D5563201B /* Pods_ProfileList.framework in Frameworks */,
			);
			runOnlyForDeploymentPostprocessing = 0;
		};
		0DEA38DE1E186E2400191B37 /* Frameworks */ = {
			isa = PBXFrameworksBuildPhase;
			buildActionMask = 2147483647;
			files = (
				FB3A6FD20D51F3F7913EFF12 /* Pods_ProfileListTests.framework in Frameworks */,
			);
			runOnlyForDeploymentPostprocessing = 0;
		};
		0DEA38E91E186E2400191B37 /* Frameworks */ = {
			isa = PBXFrameworksBuildPhase;
			buildActionMask = 2147483647;
			files = (
			);
			runOnlyForDeploymentPostprocessing = 0;
		};
/* End PBXFrameworksBuildPhase section */

/* Begin PBXGroup section */
		0D07BF211E18C00300400F81 /* Helpers */ = {
			isa = PBXGroup;
			children = (
				0DD6F3811E1AE6F90013444F /* Utility.h */,
				0DD6F37B1E1AE6DC0013444F /* ConstraintUtilities-Description.h */,
				0DD6F37C1E1AE6DC0013444F /* ConstraintUtilities-Description.m */,
				0DD6F37D1E1AE6DC0013444F /* NSObject-Description.h */,
				0DD6F37E1E1AE6DC0013444F /* NSObject-Description.m */,
				0DD6F3781E1AE6D40013444F /* ConstraintUtilities-Install.h */,
				0DD6F3791E1AE6D40013444F /* ConstraintUtilities-Install.m */,
				0DD6F3751E1AE6CC0013444F /* ConstraintUtilities-Layout.h */,
				0DD6F3761E1AE6CC0013444F /* ConstraintUtilities-Layout.m */,
				0DD6F3731E1AE6BE0013444F /* Constraints-CreationMacros.h */,
				0DD6F3741E1AE6BE0013444F /* Constraints.h */,
				0DD6F3701E1AE6AE0013444F /* NSObject-Nametag.h */,
				0DD6F3711E1AE6AE0013444F /* NSObject-Nametag.m */,
				0DD6F36D1E1AE6700013444F /* ConstraintUtilities-Matching.h */,
				0DD6F36E1E1AE6700013444F /* ConstraintUtilities-Matching.m */,
				0D07BF221E18C01A00400F81 /* Constants.h */,
				0D07BF231E18C01A00400F81 /* Constants.m */,
				0D07BF241E18C01A00400F81 /* UIViewController+Navigations.h */,
				0D07BF251E18C01A00400F81 /* UIViewController+Navigations.m */,
				0D07BF261E18C01A00400F81 /* Utils.h */,
				0D07BF271E18C01A00400F81 /* Utils.m */,
				0D07BF281E18C01A00400F81 /* Utils+DDHUI.h */,
				0D07BF291E18C01A00400F81 /* Utils+DDHUI.m */,
				0DD6F3881E1AEFB20013444F /* UILabel+Convenient.h */,
				0DD6F3891E1AEFB20013444F /* UILabel+Convenient.m */,
			);
			name = Helpers;
			sourceTree = "<group>";
		};
		0DE826CB1E18A3C100CA4116 /* Models */ = {
			isa = PBXGroup;
			children = (
				0DE826CC1E18A3D800CA4116 /* Profile.h */,
				0DE826CD1E18A3D800CA4116 /* Profile.m */,
			);
			name = Models;
			sourceTree = "<group>";
		};
		0DE826CF1E18A59200CA4116 /* Services */ = {
			isa = PBXGroup;
			children = (
				0DE826E81E18A74600CA4116 /* CacheService.h */,
				0DE826E91E18A74600CA4116 /* CacheService.m */,
				0DE826EA1E18A74600CA4116 /* CacheServiceProtocol.h */,
				0DE826E41E18A73900CA4116 /* ParserProtocol.h */,
				0DE826E51E18A73900CA4116 /* Parser.h */,
				0DE826E61E18A73900CA4116 /* Parser.m */,
				0DE826DC1E18A71F00CA4116 /* NetworkService.h */,
				0DE826DD1E18A71F00CA4116 /* NetworkService.m */,
				0DE826DE1E18A71F00CA4116 /* NetworkServiceProtocol.h */,
				0DE826EC1E18A80E00CA4116 /* PersistService.h */,
				0DE826ED1E18A80E00CA4116 /* PersistService.m */,
				0D07BF2E1E18C0BE00400F81 /* PersistServiceProtocol.h */,
			);
			name = Services;
			sourceTree = "<group>";
		};
		0DE826D01E18A59900CA4116 /* ViewControllers */ = {
			isa = PBXGroup;
			children = (
			);
			name = ViewControllers;
			sourceTree = "<group>";
		};
		0DE826D11E18A5A400CA4116 /* ViewModels */ = {
			isa = PBXGroup;
			children = (
				0DE826D41E18A61F00CA4116 /* ProfilesViewModel.h */,
				0DE826D51E18A61F00CA4116 /* ProfilesViewModel.m */,
			);
			name = ViewModels;
			sourceTree = "<group>";
		};
		0DE826D21E18A5B400CA4116 /* Views */ = {
			isa = PBXGroup;
			children = (
				0DEA39001E18881F00191B37 /* ProfileCell.h */,
				0DEA39011E18881F00191B37 /* ProfileCell.m */,
			);
			name = Views;
			sourceTree = "<group>";
		};
		0DE826D71E18A6F500CA4116 /* Managers */ = {
			isa = PBXGroup;
			children = (
				0D07BF1C1E18BECF00400F81 /* MessageManager.h */,
				0D07BF1D1E18BECF00400F81 /* MessageManager.m */,
				0D07BF1E1E18BECF00400F81 /* MessageManagerProtocol.h */,
				0DE826E01E18A72D00CA4116 /* Reachability.h */,
				0DE826E11E18A72D00CA4116 /* Reachability.m */,
				0DE826E21E18A72D00CA4116 /* ReachabilityServiceProtocol.h */,
				0DE826D81E18A70C00CA4116 /* ApiClient.h */,
				0DE826D91E18A70C00CA4116 /* ApiClient.m */,
				0DE826DA1E18A70C00CA4116 /* ApiClientProtocol.h */,
			);
			name = Managers;
			sourceTree = "<group>";
		};
		0DEA38BF1E186E2400191B37 = {
			isa = PBXGroup;
			children = (
				0DEA38CA1E186E2400191B37 /* ProfileList */,
				0DEA38E41E186E2400191B37 /* ProfileListTests */,
				0DEA38EF1E186E2400191B37 /* ProfileListUITests */,
				0DEA38C91E186E2400191B37 /* Products */,
				B559A97F56A6B3654E2D46D0 /* Pods */,
				A0CCBB8B35B2B4736D231D22 /* Frameworks */,
			);
			sourceTree = "<group>";
		};
		0DEA38C91E186E2400191B37 /* Products */ = {
			isa = PBXGroup;
			children = (
				0DEA38C81E186E2400191B37 /* ProfileList.app */,
				0DEA38E11E186E2400191B37 /* ProfileListTests.xctest */,
				0DEA38EC1E186E2400191B37 /* ProfileListUITests.xctest */,
			);
			name = Products;
			sourceTree = "<group>";
		};
		0DEA38CA1E186E2400191B37 /* ProfileList */ = {
			isa = PBXGroup;
			children = (
				0D07BF211E18C00300400F81 /* Helpers */,
				0DE826D71E18A6F500CA4116 /* Managers */,
				0DE826D21E18A5B400CA4116 /* Views */,
				0DE826D11E18A5A400CA4116 /* ViewModels */,
				0DE826D01E18A59900CA4116 /* ViewControllers */,
				0DE826CF1E18A59200CA4116 /* Services */,
				0DE826CB1E18A3C100CA4116 /* Models */,
				0DEA38CE1E186E2400191B37 /* AppDelegate.h */,
				0DEA38CF1E186E2400191B37 /* AppDelegate.m */,
				0DEA38D11E186E2400191B37 /* ViewController.h */,
				0DEA38D21E186E2400191B37 /* ViewController.m */,
				0DEA38D71E186E2400191B37 /* Assets.xcassets */,
				0DEA38D91E186E2400191B37 /* LaunchScreen.storyboard */,
				0DEA38DC1E186E2400191B37 /* Info.plist */,
				0DEA38CB1E186E2400191B37 /* Supporting Files */,
				0D07BF201E18BFDF00400F81 /* ProfileList-Prefix.pch */,
			);
			path = ProfileList;
			sourceTree = "<group>";
		};
		0DEA38CB1E186E2400191B37 /* Supporting Files */ = {
			isa = PBXGroup;
			children = (
				0DEA38FE1E1884BD00191B37 /* team.json */,
				0DEA38CC1E186E2400191B37 /* main.m */,
			);
			name = "Supporting Files";
			sourceTree = "<group>";
		};
		0DEA38E41E186E2400191B37 /* ProfileListTests */ = {
			isa = PBXGroup;
			children = (
				0DEA38E51E186E2400191B37 /* ProfileListTests.m */,
				0DEA38E71E186E2400191B37 /* Info.plist */,
			);
			path = ProfileListTests;
			sourceTree = "<group>";
		};
		0DEA38EF1E186E2400191B37 /* ProfileListUITests */ = {
			isa = PBXGroup;
			children = (
				0DEA38F01E186E2400191B37 /* ProfileListUITests.m */,
				0DEA38F21E186E2400191B37 /* Info.plist */,
			);
			path = ProfileListUITests;
			sourceTree = "<group>";
		};
		A0CCBB8B35B2B4736D231D22 /* Frameworks */ = {
			isa = PBXGroup;
			children = (
				9E7AEB80E58B11CE810BBD4B /* Pods_ProfileList.framework */,
				F5771151D1CC23317D187D39 /* Pods_ProfileListTests.framework */,
			);
			name = Frameworks;
			sourceTree = "<group>";
		};
		B559A97F56A6B3654E2D46D0 /* Pods */ = {
			isa = PBXGroup;
			children = (
				0D188D59A56657313296BEA9 /* Pods-ProfileList.debug.xcconfig */,
				7072EE7177C550CD2493E02C /* Pods-ProfileList.release.xcconfig */,
				9380F35D6ABDCAA4021476F9 /* Pods-ProfileListTests.debug.xcconfig */,
				C00043C50104A310B2075CE7 /* Pods-ProfileListTests.release.xcconfig */,
			);
			name = Pods;
			sourceTree = "<group>";
		};
/* End PBXGroup section */

/* Begin PBXNativeTarget section */
		0DEA38C71E186E2400191B37 /* ProfileList */ = {
			isa = PBXNativeTarget;
			buildConfigurationList = 0DEA38F51E186E2400191B37 /* Build configuration list for PBXNativeTarget "ProfileList" */;
			buildPhases = (
				F994B6A869FAAAE38DC8CAB2 /* [CP] Check Pods Manifest.lock */,
				0DEA38C41E186E2400191B37 /* Sources */,
				0DEA38C51E186E2400191B37 /* Frameworks */,
				0DEA38C61E186E2400191B37 /* Resources */,
				034B9AF861E35A3856A93B01 /* [CP] Embed Pods Frameworks */,
				29531C418204164361D39893 /* [CP] Copy Pods Resources */,
			);
			buildRules = (
			);
			dependencies = (
			);
			name = ProfileList;
			productName = ProfileList;
			productReference = 0DEA38C81E186E2400191B37 /* ProfileList.app */;
			productType = "com.apple.product-type.application";
		};
		0DEA38E01E186E2400191B37 /* ProfileListTests */ = {
			isa = PBXNativeTarget;
			buildConfigurationList = 0DEA38F81E186E2400191B37 /* Build configuration list for PBXNativeTarget "ProfileListTests" */;
			buildPhases = (
				681F8D2C0EDA76EB2321C20F /* [CP] Check Pods Manifest.lock */,
				0DEA38DD1E186E2400191B37 /* Sources */,
				0DEA38DE1E186E2400191B37 /* Frameworks */,
				0DEA38DF1E186E2400191B37 /* Resources */,
				D3F926E9D3CBF623A520BF72 /* [CP] Embed Pods Frameworks */,
				2601371A7F91E09BA34344A5 /* [CP] Copy Pods Resources */,
			);
			buildRules = (
			);
			dependencies = (
				0DEA38E31E186E2400191B37 /* PBXTargetDependency */,
			);
			name = ProfileListTests;
			productName = ProfileListTests;
			productReference = 0DEA38E11E186E2400191B37 /* ProfileListTests.xctest */;
			productType = "com.apple.product-type.bundle.unit-test";
		};
		0DEA38EB1E186E2400191B37 /* ProfileListUITests */ = {
			isa = PBXNativeTarget;
			buildConfigurationList = 0DEA38FB1E186E2400191B37 /* Build configuration list for PBXNativeTarget "ProfileListUITests" */;
			buildPhases = (
				0DEA38E81E186E2400191B37 /* Sources */,
				0DEA38E91E186E2400191B37 /* Frameworks */,
				0DEA38EA1E186E2400191B37 /* Resources */,
			);
			buildRules = (
			);
			dependencies = (
				0DEA38EE1E186E2400191B37 /* PBXTargetDependency */,
			);
			name = ProfileListUITests;
			productName = ProfileListUITests;
			productReference = 0DEA38EC1E186E2400191B37 /* ProfileListUITests.xctest */;
			productType = "com.apple.product-type.bundle.ui-testing";
		};
/* End PBXNativeTarget section */

/* Begin PBXProject section */
		0DEA38C01E186E2400191B37 /* Project object */ = {
			isa = PBXProject;
			attributes = {
				LastUpgradeCheck = 0820;
				ORGANIZATIONNAME = "Sida Wang";
				TargetAttributes = {
					0DEA38C71E186E2400191B37 = {
						CreatedOnToolsVersion = 8.2.1;
						DevelopmentTeam = 9MKJC68VMT;
						LastSwiftMigration = 0820;
						ProvisioningStyle = Automatic;
					};
					0DEA38E01E186E2400191B37 = {
						CreatedOnToolsVersion = 8.2.1;
						DevelopmentTeam = 9MKJC68VMT;
						LastSwiftMigration = 0820;
						ProvisioningStyle = Automatic;
						TestTargetID = 0DEA38C71E186E2400191B37;
					};
					0DEA38EB1E186E2400191B37 = {
						CreatedOnToolsVersion = 8.2.1;
						DevelopmentTeam = 9MKJC68VMT;
						ProvisioningStyle = Automatic;
						TestTargetID = 0DEA38C71E186E2400191B37;
					};
				};
			};
			buildConfigurationList = 0DEA38C31E186E2400191B37 /* Build configuration list for PBXProject "ProfileList" */;
			compatibilityVersion = "Xcode 3.2";
			developmentRegion = English;
			hasScannedForEncodings = 0;
			knownRegions = (
				en,
				Base,
			);
			mainGroup = 0DEA38BF1E186E2400191B37;
			productRefGroup = 0DEA38C91E186E2400191B37 /* Products */;
			projectDirPath = "";
			projectRoot = "";
			targets = (
				0DEA38C71E186E2400191B37 /* ProfileList */,
				0DEA38E01E186E2400191B37 /* ProfileListTests */,
				0DEA38EB1E186E2400191B37 /* ProfileListUITests */,
			);
		};
/* End PBXProject section */

/* Begin PBXResourcesBuildPhase section */
		0DEA38C61E186E2400191B37 /* Resources */ = {
			isa = PBXResourcesBuildPhase;
			buildActionMask = 2147483647;
			files = (
				0DEA38DB1E186E2400191B37 /* LaunchScreen.storyboard in Resources */,
				0DEA38D81E186E2400191B37 /* Assets.xcassets in Resources */,
				0DEA38FF1E1884BD00191B37 /* team.json in Resources */,
			);
			runOnlyForDeploymentPostprocessing = 0;
		};
		0DEA38DF1E186E2400191B37 /* Resources */ = {
			isa = PBXResourcesBuildPhase;
			buildActionMask = 2147483647;
			files = (
			);
			runOnlyForDeploymentPostprocessing = 0;
		};
		0DEA38EA1E186E2400191B37 /* Resources */ = {
			isa = PBXResourcesBuildPhase;
			buildActionMask = 2147483647;
			files = (
			);
			runOnlyForDeploymentPostprocessing = 0;
		};
/* End PBXResourcesBuildPhase section */

/* Begin PBXShellScriptBuildPhase section */
		034B9AF861E35A3856A93B01 /* [CP] Embed Pods Frameworks */ = {
			isa = PBXShellScriptBuildPhase;
			buildActionMask = 2147483647;
			files = (
			);
			inputPaths = (
			);
			name = "[CP] Embed Pods Frameworks";
			outputPaths = (
			);
			runOnlyForDeploymentPostprocessing = 0;
			shellPath = /bin/sh;
			shellScript = "\"${SRCROOT}/Pods/Target Support Files/Pods-ProfileList/Pods-ProfileList-frameworks.sh\"\n";
			showEnvVarsInLog = 0;
		};
		2601371A7F91E09BA34344A5 /* [CP] Copy Pods Resources */ = {
			isa = PBXShellScriptBuildPhase;
			buildActionMask = 2147483647;
			files = (
			);
			inputPaths = (
			);
			name = "[CP] Copy Pods Resources";
			outputPaths = (
			);
			runOnlyForDeploymentPostprocessing = 0;
			shellPath = /bin/sh;
			shellScript = "\"${SRCROOT}/Pods/Target Support Files/Pods-ProfileListTests/Pods-ProfileListTests-resources.sh\"\n";
			showEnvVarsInLog = 0;
		};
		29531C418204164361D39893 /* [CP] Copy Pods Resources */ = {
			isa = PBXShellScriptBuildPhase;
			buildActionMask = 2147483647;
			files = (
			);
			inputPaths = (
			);
			name = "[CP] Copy Pods Resources";
			outputPaths = (
			);
			runOnlyForDeploymentPostprocessing = 0;
			shellPath = /bin/sh;
			shellScript = "\"${SRCROOT}/Pods/Target Support Files/Pods-ProfileList/Pods-ProfileList-resources.sh\"\n";
			showEnvVarsInLog = 0;
		};
		681F8D2C0EDA76EB2321C20F /* [CP] Check Pods Manifest.lock */ = {
			isa = PBXShellScriptBuildPhase;
			buildActionMask = 2147483647;
			files = (
			);
			inputPaths = (
			);
			name = "[CP] Check Pods Manifest.lock";
			outputPaths = (
			);
			runOnlyForDeploymentPostprocessing = 0;
			shellPath = /bin/sh;
			shellScript = "diff \"${PODS_ROOT}/../Podfile.lock\" \"${PODS_ROOT}/Manifest.lock\" > /dev/null\nif [ $? != 0 ] ; then\n    # print error to STDERR\n    echo \"error: The sandbox is not in sync with the Podfile.lock. Run 'pod install' or update your CocoaPods installation.\" >&2\n    exit 1\nfi\n";
			showEnvVarsInLog = 0;
		};
		D3F926E9D3CBF623A520BF72 /* [CP] Embed Pods Frameworks */ = {
			isa = PBXShellScriptBuildPhase;
			buildActionMask = 2147483647;
			files = (
			);
			inputPaths = (
			);
			name = "[CP] Embed Pods Frameworks";
			outputPaths = (
			);
			runOnlyForDeploymentPostprocessing = 0;
			shellPath = /bin/sh;
			shellScript = "\"${SRCROOT}/Pods/Target Support Files/Pods-ProfileListTests/Pods-ProfileListTests-frameworks.sh\"\n";
			showEnvVarsInLog = 0;
		};
		F994B6A869FAAAE38DC8CAB2 /* [CP] Check Pods Manifest.lock */ = {
			isa = PBXShellScriptBuildPhase;
			buildActionMask = 2147483647;
			files = (
			);
			inputPaths = (
			);
			name = "[CP] Check Pods Manifest.lock";
			outputPaths = (
			);
			runOnlyForDeploymentPostprocessing = 0;
			shellPath = /bin/sh;
			shellScript = "diff \"${PODS_ROOT}/../Podfile.lock\" \"${PODS_ROOT}/Manifest.lock\" > /dev/null\nif [ $? != 0 ] ; then\n    # print error to STDERR\n    echo \"error: The sandbox is not in sync with the Podfile.lock. Run 'pod install' or update your CocoaPods installation.\" >&2\n    exit 1\nfi\n";
			showEnvVarsInLog = 0;
		};
/* End PBXShellScriptBuildPhase section */

/* Begin PBXSourcesBuildPhase section */
		0DEA38C41E186E2400191B37 /* Sources */ = {
			isa = PBXSourcesBuildPhase;
			buildActionMask = 2147483647;
			files = (
				0DE826EB1E18A74600CA4116 /* CacheService.m in Sources */,
				0DD6F3721E1AE6AE0013444F /* NSObject-Nametag.m in Sources */,
				0DD6F3801E1AE6DC0013444F /* NSObject-Description.m in Sources */,
				0DEA38D31E186E2400191B37 /* ViewController.m in Sources */,
				0DD6F36F1E1AE6700013444F /* ConstraintUtilities-Matching.m in Sources */,
				0DE826CE1E18A3D800CA4116 /* Profile.m in Sources */,
				0D07BF2C1E18C01A00400F81 /* Utils.m in Sources */,
				0DEA39021E18881F00191B37 /* ProfileCell.m in Sources */,
				0DE826EE1E18A80E00CA4116 /* PersistService.m in Sources */,
				0D07BF1F1E18BECF00400F81 /* MessageManager.m in Sources */,
				0DEA38D01E186E2400191B37 /* AppDelegate.m in Sources */,
				0DE826D61E18A61F00CA4116 /* ProfilesViewModel.m in Sources */,
				0DD6F3771E1AE6CC0013444F /* ConstraintUtilities-Layout.m in Sources */,
				0D07BF2D1E18C01A00400F81 /* Utils+DDHUI.m in Sources */,
				0DE826E71E18A73900CA4116 /* Parser.m in Sources */,
				0DD6F37F1E1AE6DC0013444F /* ConstraintUtilities-Description.m in Sources */,
				0DEA38CD1E186E2400191B37 /* main.m in Sources */,
				0DD6F38A1E1AEFB20013444F /* UILabel+Convenient.m in Sources */,
				0D07BF2A1E18C01A00400F81 /* Constants.m in Sources */,
				0DE826DF1E18A71F00CA4116 /* NetworkService.m in Sources */,
				0DD6F37A1E1AE6D40013444F /* ConstraintUtilities-Install.m in Sources */,
				0DE826E31E18A72D00CA4116 /* Reachability.m in Sources */,
				0D07BF2B1E18C01A00400F81 /* UIViewController+Navigations.m in Sources */,
				0DE826DB1E18A70C00CA4116 /* ApiClient.m in Sources */,
			);
			runOnlyForDeploymentPostprocessing = 0;
		};
		0DEA38DD1E186E2400191B37 /* Sources */ = {
			isa = PBXSourcesBuildPhase;
			buildActionMask = 2147483647;
			files = (
				0DEA38E61E186E2400191B37 /* ProfileListTests.m in Sources */,
			);
			runOnlyForDeploymentPostprocessing = 0;
		};
		0DEA38E81E186E2400191B37 /* Sources */ = {
			isa = PBXSourcesBuildPhase;
			buildActionMask = 2147483647;
			files = (
				0DEA38F11E186E2400191B37 /* ProfileListUITests.m in Sources */,
			);
			runOnlyForDeploymentPostprocessing = 0;
		};
/* End PBXSourcesBuildPhase section */

/* Begin PBXTargetDependency section */
		0DEA38E31E186E2400191B37 /* PBXTargetDependency */ = {
			isa = PBXTargetDependency;
			target = 0DEA38C71E186E2400191B37 /* ProfileList */;
			targetProxy = 0DEA38E21E186E2400191B37 /* PBXContainerItemProxy */;
		};
		0DEA38EE1E186E2400191B37 /* PBXTargetDependency */ = {
			isa = PBXTargetDependency;
			target = 0DEA38C71E186E2400191B37 /* ProfileList */;
			targetProxy = 0DEA38ED1E186E2400191B37 /* PBXContainerItemProxy */;
		};
/* End PBXTargetDependency section */

/* Begin PBXVariantGroup section */
		0DEA38D91E186E2400191B37 /* LaunchScreen.storyboard */ = {
			isa = PBXVariantGroup;
			children = (
				0DEA38DA1E186E2400191B37 /* Base */,
			);
			name = LaunchScreen.storyboard;
			sourceTree = "<group>";
		};
/* End PBXVariantGroup section */

/* Begin XCBuildConfiguration section */
		0DEA38F31E186E2400191B37 /* Debug */ = {
			isa = XCBuildConfiguration;
			buildSettings = {
				ALWAYS_SEARCH_USER_PATHS = NO;
				CLANG_ANALYZER_NONNULL = YES;
				CLANG_CXX_LANGUAGE_STANDARD = "gnu++0x";
				CLANG_CXX_LIBRARY = "libc++";
				CLANG_ENABLE_MODULES = YES;
				CLANG_ENABLE_OBJC_ARC = YES;
				CLANG_WARN_BOOL_CONVERSION = YES;
				CLANG_WARN_CONSTANT_CONVERSION = YES;
				CLANG_WARN_DIRECT_OBJC_ISA_USAGE = YES_ERROR;
				CLANG_WARN_DOCUMENTATION_COMMENTS = YES;
				CLANG_WARN_EMPTY_BODY = YES;
				CLANG_WARN_ENUM_CONVERSION = YES;
				CLANG_WARN_INFINITE_RECURSION = YES;
				CLANG_WARN_INT_CONVERSION = YES;
				CLANG_WARN_OBJC_ROOT_CLASS = YES_ERROR;
				CLANG_WARN_SUSPICIOUS_MOVE = YES;
				CLANG_WARN_UNREACHABLE_CODE = YES;
				CLANG_WARN__DUPLICATE_METHOD_MATCH = YES;
				"CODE_SIGN_IDENTITY[sdk=iphoneos*]" = "iPhone Developer";
				COPY_PHASE_STRIP = NO;
				DEBUG_INFORMATION_FORMAT = dwarf;
				ENABLE_STRICT_OBJC_MSGSEND = YES;
				ENABLE_TESTABILITY = YES;
				GCC_C_LANGUAGE_STANDARD = gnu99;
				GCC_DYNAMIC_NO_PIC = NO;
				GCC_NO_COMMON_BLOCKS = YES;
				GCC_OPTIMIZATION_LEVEL = 0;
				GCC_PREPROCESSOR_DEFINITIONS = (
					"DEBUG=1",
					"$(inherited)",
				);
				GCC_WARN_64_TO_32_BIT_CONVERSION = YES;
				GCC_WARN_ABOUT_RETURN_TYPE = YES_ERROR;
				GCC_WARN_UNDECLARED_SELECTOR = YES;
				GCC_WARN_UNINITIALIZED_AUTOS = YES_AGGRESSIVE;
				GCC_WARN_UNUSED_FUNCTION = YES;
				GCC_WARN_UNUSED_VARIABLE = YES;
				IPHONEOS_DEPLOYMENT_TARGET = 10.2;
				MTL_ENABLE_DEBUG_INFO = YES;
				ONLY_ACTIVE_ARCH = YES;
				SDKROOT = iphoneos;
				TARGETED_DEVICE_FAMILY = "1,2";
			};
			name = Debug;
		};
		0DEA38F41E186E2400191B37 /* Release */ = {
			isa = XCBuildConfiguration;
			buildSettings = {
				ALWAYS_SEARCH_USER_PATHS = NO;
				CLANG_ANALYZER_NONNULL = YES;
				CLANG_CXX_LANGUAGE_STANDARD = "gnu++0x";
				CLANG_CXX_LIBRARY = "libc++";
				CLANG_ENABLE_MODULES = YES;
				CLANG_ENABLE_OBJC_ARC = YES;
				CLANG_WARN_BOOL_CONVERSION = YES;
				CLANG_WARN_CONSTANT_CONVERSION = YES;
				CLANG_WARN_DIRECT_OBJC_ISA_USAGE = YES_ERROR;
				CLANG_WARN_DOCUMENTATION_COMMENTS = YES;
				CLANG_WARN_EMPTY_BODY = YES;
				CLANG_WARN_ENUM_CONVERSION = YES;
				CLANG_WARN_INFINITE_RECURSION = YES;
				CLANG_WARN_INT_CONVERSION = YES;
				CLANG_WARN_OBJC_ROOT_CLASS = YES_ERROR;
				CLANG_WARN_SUSPICIOUS_MOVE = YES;
				CLANG_WARN_UNREACHABLE_CODE = YES;
				CLANG_WARN__DUPLICATE_METHOD_MATCH = YES;
				"CODE_SIGN_IDENTITY[sdk=iphoneos*]" = "iPhone Developer";
				COPY_PHASE_STRIP = NO;
				DEBUG_INFORMATION_FORMAT = "dwarf-with-dsym";
				ENABLE_NS_ASSERTIONS = NO;
				ENABLE_STRICT_OBJC_MSGSEND = YES;
				GCC_C_LANGUAGE_STANDARD = gnu99;
				GCC_NO_COMMON_BLOCKS = YES;
				GCC_WARN_64_TO_32_BIT_CONVERSION = YES;
				GCC_WARN_ABOUT_RETURN_TYPE = YES_ERROR;
				GCC_WARN_UNDECLARED_SELECTOR = YES;
				GCC_WARN_UNINITIALIZED_AUTOS = YES_AGGRESSIVE;
				GCC_WARN_UNUSED_FUNCTION = YES;
				GCC_WARN_UNUSED_VARIABLE = YES;
				IPHONEOS_DEPLOYMENT_TARGET = 10.2;
				MTL_ENABLE_DEBUG_INFO = NO;
				SDKROOT = iphoneos;
				TARGETED_DEVICE_FAMILY = "1,2";
				VALIDATE_PRODUCT = YES;
			};
			name = Release;
		};
		0DEA38F61E186E2400191B37 /* Debug */ = {
			isa = XCBuildConfiguration;
			baseConfigurationReference = 0D188D59A56657313296BEA9 /* Pods-ProfileList.debug.xcconfig */;
			buildSettings = {
				ASSETCATALOG_COMPILER_APPICON_NAME = AppIcon;
				DEVELOPMENT_TEAM = 9MKJC68VMT;
				GCC_PRECOMPILE_PREFIX_HEADER = YES;
				GCC_PREFIX_HEADER = "$(SRCROOT)/$(PROJECT_NAME)/ProfileList-Prefix.pch";
				INFOPLIST_FILE = ProfileList/Info.plist;
				IPHONEOS_DEPLOYMENT_TARGET = 10.2;
				LD_RUNPATH_SEARCH_PATHS = "$(inherited) @executable_path/Frameworks";
				PRODUCT_BUNDLE_IDENTIFIER = com.maxsida.ProfileList;
				PRODUCT_NAME = "$(TARGET_NAME)";
				SWIFT_VERSION = 3.0;
			};
			name = Debug;
		};
		0DEA38F71E186E2400191B37 /* Release */ = {
			isa = XCBuildConfiguration;
			baseConfigurationReference = 7072EE7177C550CD2493E02C /* Pods-ProfileList.release.xcconfig */;
			buildSettings = {
				ASSETCATALOG_COMPILER_APPICON_NAME = AppIcon;
				DEVELOPMENT_TEAM = 9MKJC68VMT;
				GCC_PRECOMPILE_PREFIX_HEADER = YES;
				GCC_PREFIX_HEADER = "$(SRCROOT)/$(PROJECT_NAME)/ProfileList-Prefix.pch";
				INFOPLIST_FILE = ProfileList/Info.plist;
				IPHONEOS_DEPLOYMENT_TARGET = 10.2;
				LD_RUNPATH_SEARCH_PATHS = "$(inherited) @executable_path/Frameworks";
				PRODUCT_BUNDLE_IDENTIFIER = com.maxsida.ProfileList;
				PRODUCT_NAME = "$(TARGET_NAME)";
				SWIFT_VERSION = 3.0;
			};
			name = Release;
		};
		0DEA38F91E186E2400191B37 /* Debug */ = {
			isa = XCBuildConfiguration;
			baseConfigurationReference = 9380F35D6ABDCAA4021476F9 /* Pods-ProfileListTests.debug.xcconfig */;
			buildSettings = {
				BUNDLE_LOADER = "$(TEST_HOST)";
				DEVELOPMENT_TEAM = 9MKJC68VMT;
				INFOPLIST_FILE = ProfileListTests/Info.plist;
				LD_RUNPATH_SEARCH_PATHS = "$(inherited) @executable_path/Frameworks @loader_path/Frameworks";
				PRODUCT_BUNDLE_IDENTIFIER = com.maxsida.ProfileListTests;
				PRODUCT_NAME = "$(TARGET_NAME)";
				SWIFT_VERSION = 3.0;
				TEST_HOST = "$(BUILT_PRODUCTS_DIR)/ProfileList.app/ProfileList";
			};
			name = Debug;
		};
		0DEA38FA1E186E2400191B37 /* Release */ = {
			isa = XCBuildConfiguration;
			baseConfigurationReference = C00043C50104A310B2075CE7 /* Pods-ProfileListTests.release.xcconfig */;
			buildSettings = {
				BUNDLE_LOADER = "$(TEST_HOST)";
				DEVELOPMENT_TEAM = 9MKJC68VMT;
				INFOPLIST_FILE = ProfileListTests/Info.plist;
				LD_RUNPATH_SEARCH_PATHS = "$(inherited) @executable_path/Frameworks @loader_path/Frameworks";
				PRODUCT_BUNDLE_IDENTIFIER = com.maxsida.ProfileListTests;
				PRODUCT_NAME = "$(TARGET_NAME)";
				SWIFT_VERSION = 3.0;
				TEST_HOST = "$(BUILT_PRODUCTS_DIR)/ProfileList.app/ProfileList";
			};
			name = Release;
		};
		0DEA38FC1E186E2400191B37 /* Debug */ = {
			isa = XCBuildConfiguration;
			buildSettings = {
				DEVELOPMENT_TEAM = 9MKJC68VMT;
				INFOPLIST_FILE = ProfileListUITests/Info.plist;
				LD_RUNPATH_SEARCH_PATHS = "$(inherited) @executable_path/Frameworks @loader_path/Frameworks";
				PRODUCT_BUNDLE_IDENTIFIER = com.maxsida.ProfileListUITests;
				PRODUCT_NAME = "$(TARGET_NAME)";
				TEST_TARGET_NAME = ProfileList;
			};
			name = Debug;
		};
		0DEA38FD1E186E2400191B37 /* Release */ = {
			isa = XCBuildConfiguration;
			buildSettings = {
				DEVELOPMENT_TEAM = 9MKJC68VMT;
				INFOPLIST_FILE = ProfileListUITests/Info.plist;
				LD_RUNPATH_SEARCH_PATHS = "$(inherited) @executable_path/Frameworks @loader_path/Frameworks";
				PRODUCT_BUNDLE_IDENTIFIER = com.maxsida.ProfileListUITests;
				PRODUCT_NAME = "$(TARGET_NAME)";
				TEST_TARGET_NAME = ProfileList;
			};
			name = Release;
		};
/* End XCBuildConfiguration section */

/* Begin XCConfigurationList section */
		0DEA38C31E186E2400191B37 /* Build configuration list for PBXProject "ProfileList" */ = {
			isa = XCConfigurationList;
			buildConfigurations = (
				0DEA38F31E186E2400191B37 /* Debug */,
				0DEA38F41E186E2400191B37 /* Release */,
			);
			defaultConfigurationIsVisible = 0;
			defaultConfigurationName = Release;
		};
		0DEA38F51E186E2400191B37 /* Build configuration list for PBXNativeTarget "ProfileList" */ = {
			isa = XCConfigurationList;
			buildConfigurations = (
				0DEA38F61E186E2400191B37 /* Debug */,
				0DEA38F71E186E2400191B37 /* Release */,
			);
			defaultConfigurationIsVisible = 0;
			defaultConfigurationName = Release;
		};
		0DEA38F81E186E2400191B37 /* Build configuration list for PBXNativeTarget "ProfileListTests" */ = {
			isa = XCConfigurationList;
			buildConfigurations = (
				0DEA38F91E186E2400191B37 /* Debug */,
				0DEA38FA1E186E2400191B37 /* Release */,
			);
			defaultConfigurationIsVisible = 0;
			defaultConfigurationName = Release;
		};
		0DEA38FB1E186E2400191B37 /* Build configuration list for PBXNativeTarget "ProfileListUITests" */ = {
			isa = XCConfigurationList;
			buildConfigurations = (
				0DEA38FC1E186E2400191B37 /* Debug */,
				0DEA38FD1E186E2400191B37 /* Release */,
			);
			defaultConfigurationIsVisible = 0;
			defaultConfigurationName = Release;
		};
/* End XCConfigurationList section */
	};
	rootObject = 0DEA38C01E186E2400191B37 /* Project object */;
}
